
Microsoft Visual Studio Solution File, Format Version 12.00
# Visual Studio Version 16
VisualStudioVersion = 25.0.1700.0
MinimumVisualStudioVersion = 10.0.40219.1
Project("{FAE04EC0-301F-11D3-BF4B-00C04F79EFBC}") = "QuizApp.Web", "QuizApp.Web.csproj", "{AE4BB96F-0246-4B69-8EB9-3C086967F004}"
EndProject
Global
	GlobalSection(SolutionConfigurationPlatforms) = preSolution
		Debug|Any CPU = Debug|Any CPU
		Release|Any CPU = Release|Any CPU
	EndGlobalSection
	GlobalSection(ProjectConfigurationPlatforms) = postSolution
		{AE4BB96F-0246-4B69-8EB9-3C086967F004}.Debug|Any CPU.ActiveCfg = Debug|Any CPU
		{AE4BB96F-0246-4B69-8EB9-3C086967F004}.Debug|Any CPU.Build.0 = Debug|Any CPU
		{AE4BB96F-0246-4B69-8EB9-3C086967F004}.Release|Any CPU.ActiveCfg = Release|Any CPU
		{AE4BB96F-0246-4B69-8EB9-3C086967F004}.Release|Any CPU.Build.0 = Release|Any CPU
	EndGlobalSection
	GlobalSection(SolutionProperties) = preSolution
		HideSolutionNode = FALSE
	EndGlobalSection
	GlobalSection(ExtensibilityGlobals) = postSolution
		SolutionGuid = {AF117172-9509-4E0A-A949-64B9A879F0AD}
	EndGlobalSection
EndGlobal
